
Microsoft Visual Studio Solution File, Format Version 12.00
# Visual Studio Version 17
VisualStudioVersion = 17.11.35222.181
MinimumVisualStudioVersion = 10.0.40219.1
Project("{FAE04EC0-301F-11D3-BF4B-00C04F79EFBC}") = "Musica", "Musica.csproj", "{CA81B8F1-0415-482E-961A-353A64A93C62}"
EndProject
Global
	GlobalSection(SolutionConfigurationPlatforms) = preSolution
		Debug|Any CPU = Debug|Any CPU
		Release|Any CPU = Release|Any CPU
	EndGlobalSection
	GlobalSection(ProjectConfigurationPlatforms) = postSolution
		{CA81B8F1-0415-482E-961A-353A64A93C62}.Debug|Any CPU.ActiveCfg = Debug|Any CPU
		{CA81B8F1-0415-482E-961A-353A64A93C62}.Debug|Any CPU.Build.0 = Debug|Any CPU
		{CA81B8F1-0415-482E-961A-353A64A93C62}.Release|Any CPU.ActiveCfg = Release|Any CPU
		{CA81B8F1-0415-482E-961A-353A64A93C62}.Release|Any CPU.Build.0 = Release|Any CPU
	EndGlobalSection
	GlobalSection(SolutionProperties) = preSolution
		HideSolutionNode = FALSE
	EndGlobalSection
	GlobalSection(ExtensibilityGlobals) = postSolution
		SolutionGuid = {E400831F-6E79-4850-848D-EA5DDD4A6052}
	EndGlobalSection
EndGlobal
